
Microsoft Visual Studio Solution File, Format Version 12.00
# Visual Studio Version 16
VisualStudioVersion = 16.0.32106.194
MinimumVisualStudioVersion = 10.0.40219.1
Project("{8BC9CEB8-8B4A-11D0-8D11-00A0C91BC942}") = "market", "market.vcxproj", "{6DA72924-887D-4B26-805C-2C3A18BD6F83}"
EndProject
Global
	GlobalSection(SolutionConfigurationPlatforms) = preSolution
		Debug|x64 = Debug|x64
		Debug|x86 = Debug|x86
		Release|x64 = Release|x64
		Release|x86 = Release|x86
	EndGlobalSection
	GlobalSection(ProjectConfigurationPlatforms) = postSolution
		{6DA72924-887D-4B26-805C-2C3A18BD6F83}.Debug|x64.ActiveCfg = Debug|x64
		{6DA72924-887D-4B26-805C-2C3A18BD6F83}.Debug|x64.Build.0 = Debug|x64
		{6DA72924-887D-4B26-805C-2C3A18BD6F83}.Debug|x86.ActiveCfg = Debug|Win32
		{6DA72924-887D-4B26-805C-2C3A18BD6F83}.Debug|x86.Build.0 = Debug|Win32
		{6DA72924-887D-4B26-805C-2C3A18BD6F83}.Release|x64.ActiveCfg = Release|x64
		{6DA72924-887D-4B26-805C-2C3A18BD6F83}.Release|x64.Build.0 = Release|x64
		{6DA72924-887D-4B26-805C-2C3A18BD6F83}.Release|x86.ActiveCfg = Release|Win32
		{6DA72924-887D-4B26-805C-2C3A18BD6F83}.Release|x86.Build.0 = Release|Win32
	EndGlobalSection
	GlobalSection(SolutionProperties) = preSolution
		HideSolutionNode = FALSE
	EndGlobalSection
	GlobalSection(ExtensibilityGlobals) = postSolution
		SolutionGuid = {759ED547-7C20-41BB-9F02-BE3C8F834F6E}
	EndGlobalSection
EndGlobal
